// !$*UTF8*$!
{
	archiveVersion = 1;
	classes = {
	};
	objectVersion = 51;
	objects = {

/* Begin PBXBuildFile section */
		9D511709435FF51FE8F88C98 /* Pods_HumanSoftTask.framework in Frameworks */ = {isa = PBXBuildFile; fileRef = FAFA9151A9E68E165EAB65C9 /* Pods_HumanSoftTask.framework */; };
		BCBCF62C2530349800EBB9DF /* AppDelegate.swift in Sources */ = {isa = PBXBuildFile; fileRef = BCBCF62B2530349800EBB9DF /* AppDelegate.swift */; };
		BCBCF62E2530349800EBB9DF /* SceneDelegate.swift in Sources */ = {isa = PBXBuildFile; fileRef = BCBCF62D2530349800EBB9DF /* SceneDelegate.swift */; };
		BCBCF6302530349800EBB9DF /* ViewController.swift in Sources */ = {isa = PBXBuildFile; fileRef = BCBCF62F2530349800EBB9DF /* ViewController.swift */; };
		BCBCF6332530349800EBB9DF /* Main.storyboard in Resources */ = {isa = PBXBuildFile; fileRef = BCBCF6312530349800EBB9DF /* Main.storyboard */; };
		BCBCF6352530349900EBB9DF /* Assets.xcassets in Resources */ = {isa = PBXBuildFile; fileRef = BCBCF6342530349900EBB9DF /* Assets.xcassets */; };
		BCBCF6382530349900EBB9DF /* LaunchScreen.storyboard in Resources */ = {isa = PBXBuildFile; fileRef = BCBCF6362530349900EBB9DF /* LaunchScreen.storyboard */; };
		BCBCF65025304D5C00EBB9DF /* Constants.swift in Sources */ = {isa = PBXBuildFile; fileRef = BCBCF64F25304D5C00EBB9DF /* Constants.swift */; };
		BCBCF65225304D8900EBB9DF /* ApiRouter.swift in Sources */ = {isa = PBXBuildFile; fileRef = BCBCF65125304D8900EBB9DF /* ApiRouter.swift */; };
		BCBCF65625304EBB00EBB9DF /* ApiClient.swift in Sources */ = {isa = PBXBuildFile; fileRef = BCBCF65525304EBB00EBB9DF /* ApiClient.swift */; };
		BCBCF65F253056F500EBB9DF /* User.swift in Sources */ = {isa = PBXBuildFile; fileRef = BCBCF65E253056F500EBB9DF /* User.swift */; };
		BCBCF6612530570100EBB9DF /* Album.swift in Sources */ = {isa = PBXBuildFile; fileRef = BCBCF6602530570100EBB9DF /* Album.swift */; };
		BCBCF663253057B600EBB9DF /* UserUtil.swift in Sources */ = {isa = PBXBuildFile; fileRef = BCBCF662253057B600EBB9DF /* UserUtil.swift */; };
		BCBCF6652530588200EBB9DF /* UserAddress.swift in Sources */ = {isa = PBXBuildFile; fileRef = BCBCF6642530588200EBB9DF /* UserAddress.swift */; };
		BCBCF6692530614500EBB9DF /* SplashVC.swift in Sources */ = {isa = PBXBuildFile; fileRef = BCBCF6682530614500EBB9DF /* SplashVC.swift */; };
		BCBCF6702530638600EBB9DF /* SplashViewModel.swift in Sources */ = {isa = PBXBuildFile; fileRef = BCBCF66F2530638600EBB9DF /* SplashViewModel.swift */; };
		BCBCF676253067E900EBB9DF /* UIActivityIndicatorView+Rx.swift in Sources */ = {isa = PBXBuildFile; fileRef = BCBCF675253067E900EBB9DF /* UIActivityIndicatorView+Rx.swift */; };
		BCBCF678253068AB00EBB9DF /* UIActivityIndicatorView+Ex.swift in Sources */ = {isa = PBXBuildFile; fileRef = BCBCF677253068AB00EBB9DF /* UIActivityIndicatorView+Ex.swift */; };
		BCBCF67C253072A500EBB9DF /* ProfileTVC.swift in Sources */ = {isa = PBXBuildFile; fileRef = BCBCF67B253072A500EBB9DF /* ProfileTVC.swift */; };
		BCBCF67F2530751D00EBB9DF /* Coordinator.swift in Sources */ = {isa = PBXBuildFile; fileRef = BCBCF67E2530751D00EBB9DF /* Coordinator.swift */; };
		BCBCF6812530755100EBB9DF /* ProfileCoordinator.swift in Sources */ = {isa = PBXBuildFile; fileRef = BCBCF6802530755100EBB9DF /* ProfileCoordinator.swift */; };
		BCBCF68725307D4900EBB9DF /* ProfileViewModel.swift in Sources */ = {isa = PBXBuildFile; fileRef = BCBCF68625307D4900EBB9DF /* ProfileViewModel.swift */; };
		BCBCF68C25308F9600EBB9DF /* AlbumCVC.swift in Sources */ = {isa = PBXBuildFile; fileRef = BCBCF68B25308F9600EBB9DF /* AlbumCVC.swift */; };
		BCBCF68F2530916100EBB9DF /* AlbumCoordinator.swift in Sources */ = {isa = PBXBuildFile; fileRef = BCBCF68E2530916100EBB9DF /* AlbumCoordinator.swift */; };
		BCBCF6912530977000EBB9DF /* AlbumViewModel.swift in Sources */ = {isa = PBXBuildFile; fileRef = BCBCF6902530977000EBB9DF /* AlbumViewModel.swift */; };
		BCBCF6932530980500EBB9DF /* AlbumItem.swift in Sources */ = {isa = PBXBuildFile; fileRef = BCBCF6922530980500EBB9DF /* AlbumItem.swift */; };
		BCBCF69625309B0800EBB9DF /* AlbumItemCell.swift in Sources */ = {isa = PBXBuildFile; fileRef = BCBCF69425309B0800EBB9DF /* AlbumItemCell.swift */; };
		BCBCF69725309B0800EBB9DF /* AlbumItemCell.xib in Resources */ = {isa = PBXBuildFile; fileRef = BCBCF69525309B0800EBB9DF /* AlbumItemCell.xib */; };
		BCBCF69F2530AD3700EBB9DF /* PhotoPreviewVC.swift in Sources */ = {isa = PBXBuildFile; fileRef = BCBCF69E2530AD3700EBB9DF /* PhotoPreviewVC.swift */; };
		BCBCF6A12530ADAA00EBB9DF /* PhotoPreviewCoordinator.swift in Sources */ = {isa = PBXBuildFile; fileRef = BCBCF6A02530ADAA00EBB9DF /* PhotoPreviewCoordinator.swift */; };
/* End PBXBuildFile section */

/* Begin PBXFileReference section */
		A836ECDAD025ED5DDFB55E8E /* Pods-HumanSoftTask.debug.xcconfig */ = {isa = PBXFileReference; includeInIndex = 1; lastKnownFileType = text.xcconfig; name = "Pods-HumanSoftTask.debug.xcconfig"; path = "Target Support Files/Pods-HumanSoftTask/Pods-HumanSoftTask.debug.xcconfig"; sourceTree = "<group>"; };
		BCBCF6282530349800EBB9DF /* HumanSoftTask.app */ = {isa = PBXFileReference; explicitFileType = wrapper.application; includeInIndex = 0; path = HumanSoftTask.app; sourceTree = BUILT_PRODUCTS_DIR; };
		BCBCF62B2530349800EBB9DF /* AppDelegate.swift */ = {isa = PBXFileReference; lastKnownFileType = sourcecode.swift; path = AppDelegate.swift; sourceTree = "<group>"; };
		BCBCF62D2530349800EBB9DF /* SceneDelegate.swift */ = {isa = PBXFileReference; lastKnownFileType = sourcecode.swift; path = SceneDelegate.swift; sourceTree = "<group>"; };
		BCBCF62F2530349800EBB9DF /* ViewController.swift */ = {isa = PBXFileReference; lastKnownFileType = sourcecode.swift; path = ViewController.swift; sourceTree = "<group>"; };
		BCBCF6322530349800EBB9DF /* Base */ = {isa = PBXFileReference; lastKnownFileType = file.storyboard; name = Base; path = Base.lproj/Main.storyboard; sourceTree = "<group>"; };
		BCBCF6342530349900EBB9DF /* Assets.xcassets */ = {isa = PBXFileReference; lastKnownFileType = folder.assetcatalog; path = Assets.xcassets; sourceTree = "<group>"; };
		BCBCF6372530349900EBB9DF /* Base */ = {isa = PBXFileReference; lastKnownFileType = file.storyboard; name = Base; path = Base.lproj/LaunchScreen.storyboard; sourceTree = "<group>"; };
		BCBCF6392530349900EBB9DF /* Info.plist */ = {isa = PBXFileReference; lastKnownFileType = text.plist.xml; path = Info.plist; sourceTree = "<group>"; };
		BCBCF64F25304D5C00EBB9DF /* Constants.swift */ = {isa = PBXFileReference; lastKnownFileType = sourcecode.swift; path = Constants.swift; sourceTree = "<group>"; };
		BCBCF65125304D8900EBB9DF /* ApiRouter.swift */ = {isa = PBXFileReference; lastKnownFileType = sourcecode.swift; path = ApiRouter.swift; sourceTree = "<group>"; };
		BCBCF65525304EBB00EBB9DF /* ApiClient.swift */ = {isa = PBXFileReference; lastKnownFileType = sourcecode.swift; path = ApiClient.swift; sourceTree = "<group>"; };
		BCBCF65E253056F500EBB9DF /* User.swift */ = {isa = PBXFileReference; lastKnownFileType = sourcecode.swift; path = User.swift; sourceTree = "<group>"; };
		BCBCF6602530570100EBB9DF /* Album.swift */ = {isa = PBXFileReference; lastKnownFileType = sourcecode.swift; path = Album.swift; sourceTree = "<group>"; };
		BCBCF662253057B600EBB9DF /* UserUtil.swift */ = {isa = PBXFileReference; lastKnownFileType = sourcecode.swift; path = UserUtil.swift; sourceTree = "<group>"; };
		BCBCF6642530588200EBB9DF /* UserAddress.swift */ = {isa = PBXFileReference; lastKnownFileType = sourcecode.swift; path = UserAddress.swift; sourceTree = "<group>"; };
		BCBCF6682530614500EBB9DF /* SplashVC.swift */ = {isa = PBXFileReference; lastKnownFileType = sourcecode.swift; path = SplashVC.swift; sourceTree = "<group>"; };
		BCBCF66F2530638600EBB9DF /* SplashViewModel.swift */ = {isa = PBXFileReference; lastKnownFileType = sourcecode.swift; path = SplashViewModel.swift; sourceTree = "<group>"; };
		BCBCF675253067E900EBB9DF /* UIActivityIndicatorView+Rx.swift */ = {isa = PBXFileReference; lastKnownFileType = sourcecode.swift; path = "UIActivityIndicatorView+Rx.swift"; sourceTree = "<group>"; };
		BCBCF677253068AB00EBB9DF /* UIActivityIndicatorView+Ex.swift */ = {isa = PBXFileReference; lastKnownFileType = sourcecode.swift; path = "UIActivityIndicatorView+Ex.swift"; sourceTree = "<group>"; };
		BCBCF67B253072A500EBB9DF /* ProfileTVC.swift */ = {isa = PBXFileReference; lastKnownFileType = sourcecode.swift; path = ProfileTVC.swift; sourceTree = "<group>"; };
		BCBCF67E2530751D00EBB9DF /* Coordinator.swift */ = {isa = PBXFileReference; lastKnownFileType = sourcecode.swift; path = Coordinator.swift; sourceTree = "<group>"; };
		BCBCF6802530755100EBB9DF /* ProfileCoordinator.swift */ = {isa = PBXFileReference; lastKnownFileType = sourcecode.swift; path = ProfileCoordinator.swift; sourceTree = "<group>"; };
		BCBCF68625307D4900EBB9DF /* ProfileViewModel.swift */ = {isa = PBXFileReference; lastKnownFileType = sourcecode.swift; path = ProfileViewModel.swift; sourceTree = "<group>"; };
		BCBCF68B25308F9600EBB9DF /* AlbumCVC.swift */ = {isa = PBXFileReference; lastKnownFileType = sourcecode.swift; path = AlbumCVC.swift; sourceTree = "<group>"; };
		BCBCF68E2530916100EBB9DF /* AlbumCoordinator.swift */ = {isa = PBXFileReference; lastKnownFileType = sourcecode.swift; path = AlbumCoordinator.swift; sourceTree = "<group>"; };
		BCBCF6902530977000EBB9DF /* AlbumViewModel.swift */ = {isa = PBXFileReference; lastKnownFileType = sourcecode.swift; path = AlbumViewModel.swift; sourceTree = "<group>"; };
		BCBCF6922530980500EBB9DF /* AlbumItem.swift */ = {isa = PBXFileReference; lastKnownFileType = sourcecode.swift; path = AlbumItem.swift; sourceTree = "<group>"; };
		BCBCF69425309B0800EBB9DF /* AlbumItemCell.swift */ = {isa = PBXFileReference; lastKnownFileType = sourcecode.swift; path = AlbumItemCell.swift; sourceTree = "<group>"; };
		BCBCF69525309B0800EBB9DF /* AlbumItemCell.xib */ = {isa = PBXFileReference; lastKnownFileType = file.xib; path = AlbumItemCell.xib; sourceTree = "<group>"; };
		BCBCF69E2530AD3700EBB9DF /* PhotoPreviewVC.swift */ = {isa = PBXFileReference; lastKnownFileType = sourcecode.swift; path = PhotoPreviewVC.swift; sourceTree = "<group>"; };
		BCBCF6A02530ADAA00EBB9DF /* PhotoPreviewCoordinator.swift */ = {isa = PBXFileReference; lastKnownFileType = sourcecode.swift; path = PhotoPreviewCoordinator.swift; sourceTree = "<group>"; };
		D2B0DC37B555D34B1AC56DB5 /* Pods-HumanSoftTask.release.xcconfig */ = {isa = PBXFileReference; includeInIndex = 1; lastKnownFileType = text.xcconfig; name = "Pods-HumanSoftTask.release.xcconfig"; path = "Target Support Files/Pods-HumanSoftTask/Pods-HumanSoftTask.release.xcconfig"; sourceTree = "<group>"; };
		FAFA9151A9E68E165EAB65C9 /* Pods_HumanSoftTask.framework */ = {isa = PBXFileReference; explicitFileType = wrapper.framework; includeInIndex = 0; path = Pods_HumanSoftTask.framework; sourceTree = BUILT_PRODUCTS_DIR; };
/* End PBXFileReference section */

/* Begin PBXFrameworksBuildPhase section */
		BCBCF6252530349800EBB9DF /* Frameworks */ = {
			isa = PBXFrameworksBuildPhase;
			buildActionMask = 2147483647;
			files = (
				9D511709435FF51FE8F88C98 /* Pods_HumanSoftTask.framework in Frameworks */,
			);
			runOnlyForDeploymentPostprocessing = 0;
		};
/* End PBXFrameworksBuildPhase section */

/* Begin PBXGroup section */
		BCBCF61F2530349800EBB9DF = {
			isa = PBXGroup;
			children = (
				BCBCF62A2530349800EBB9DF /* HumanSoftTask */,
				BCBCF6292530349800EBB9DF /* Products */,
				D8EDF0A9522DF4C51C7409C8 /* Pods */,
				F20FF77ECB8E67BF29A4E25C /* Frameworks */,
			);
			sourceTree = "<group>";
		};
		BCBCF6292530349800EBB9DF /* Products */ = {
			isa = PBXGroup;
			children = (
				BCBCF6282530349800EBB9DF /* HumanSoftTask.app */,
			);
			name = Products;
			sourceTree = "<group>";
		};
		BCBCF62A2530349800EBB9DF /* HumanSoftTask */ = {
			isa = PBXGroup;
			children = (
				BCBCF67D2530751200EBB9DF /* Coordinator */,
				BCBCF674253067DD00EBB9DF /* Helpers */,
				BCBCF64E25304BB400EBB9DF /* Networking */,
				BCBCF6572530569300EBB9DF /* Model */,
				BCBCF6582530569B00EBB9DF /* View */,
				BCBCF659253056A200EBB9DF /* ViewModel */,
				BCBCF62B2530349800EBB9DF /* AppDelegate.swift */,
				BCBCF62D2530349800EBB9DF /* SceneDelegate.swift */,
				BCBCF62F2530349800EBB9DF /* ViewController.swift */,
				BCBCF6312530349800EBB9DF /* Main.storyboard */,
				BCBCF6342530349900EBB9DF /* Assets.xcassets */,
				BCBCF6362530349900EBB9DF /* LaunchScreen.storyboard */,
				BCBCF6392530349900EBB9DF /* Info.plist */,
			);
			path = HumanSoftTask;
			sourceTree = "<group>";
		};
		BCBCF64E25304BB400EBB9DF /* Networking */ = {
			isa = PBXGroup;
			children = (
				BCBCF64F25304D5C00EBB9DF /* Constants.swift */,
				BCBCF65125304D8900EBB9DF /* ApiRouter.swift */,
				BCBCF65525304EBB00EBB9DF /* ApiClient.swift */,
			);
			path = Networking;
			sourceTree = "<group>";
		};
		BCBCF6572530569300EBB9DF /* Model */ = {
			isa = PBXGroup;
			children = (
				BCBCF65B253056C700EBB9DF /* User */,
				BCBCF65A253056C100EBB9DF /* Album */,
			);
			path = Model;
			sourceTree = "<group>";
		};
		BCBCF6582530569B00EBB9DF /* View */ = {
			isa = PBXGroup;
			children = (
				BCBCF6662530611500EBB9DF /* Splash */,
				BCBCF6672530612000EBB9DF /* Profile */,
				BCBCF68A25308EC200EBB9DF /* Album */,
			);
			path = View;
			sourceTree = "<group>";
		};
		BCBCF659253056A200EBB9DF /* ViewModel */ = {
			isa = PBXGroup;
			children = (
				BCBCF65C253056D300EBB9DF /* Splash */,
				BCBCF65D253056DB00EBB9DF /* Profile */,
				BCBCF68D25308FB700EBB9DF /* Album */,
			);
			path = ViewModel;
			sourceTree = "<group>";
		};
		BCBCF65A253056C100EBB9DF /* Album */ = {
			isa = PBXGroup;
			children = (
				BCBCF6602530570100EBB9DF /* Album.swift */,
				BCBCF6922530980500EBB9DF /* AlbumItem.swift */,
			);
			path = Album;
			sourceTree = "<group>";
		};
		BCBCF65B253056C700EBB9DF /* User */ = {
			isa = PBXGroup;
			children = (
				BCBCF65E253056F500EBB9DF /* User.swift */,
				BCBCF6642530588200EBB9DF /* UserAddress.swift */,
				BCBCF662253057B600EBB9DF /* UserUtil.swift */,
			);
			path = User;
			sourceTree = "<group>";
		};
		BCBCF65C253056D300EBB9DF /* Splash */ = {
			isa = PBXGroup;
			children = (
				BCBCF66F2530638600EBB9DF /* SplashViewModel.swift */,
			);
			path = Splash;
			sourceTree = "<group>";
		};
		BCBCF65D253056DB00EBB9DF /* Profile */ = {
			isa = PBXGroup;
			children = (
				BCBCF68625307D4900EBB9DF /* ProfileViewModel.swift */,
			);
			path = Profile;
			sourceTree = "<group>";
		};
		BCBCF6662530611500EBB9DF /* Splash */ = {
			isa = PBXGroup;
			children = (
				BCBCF6682530614500EBB9DF /* SplashVC.swift */,
			);
			path = Splash;
			sourceTree = "<group>";
		};
		BCBCF6672530612000EBB9DF /* Profile */ = {
			isa = PBXGroup;
			children = (
				BCBCF67B253072A500EBB9DF /* ProfileTVC.swift */,
			);
			path = Profile;
			sourceTree = "<group>";
		};
		BCBCF674253067DD00EBB9DF /* Helpers */ = {
			isa = PBXGroup;
			children = (
				BCBCF675253067E900EBB9DF /* UIActivityIndicatorView+Rx.swift */,
				BCBCF677253068AB00EBB9DF /* UIActivityIndicatorView+Ex.swift */,
			);
			path = Helpers;
			sourceTree = "<group>";
		};
		BCBCF67D2530751200EBB9DF /* Coordinator */ = {
			isa = PBXGroup;
			children = (
				BCBCF67E2530751D00EBB9DF /* Coordinator.swift */,
				BCBCF6802530755100EBB9DF /* ProfileCoordinator.swift */,
				BCBCF68E2530916100EBB9DF /* AlbumCoordinator.swift */,
				BCBCF6A02530ADAA00EBB9DF /* PhotoPreviewCoordinator.swift */,
			);
			path = Coordinator;
			sourceTree = "<group>";
		};
		BCBCF68A25308EC200EBB9DF /* Album */ = {
			isa = PBXGroup;
			children = (
				BCBCF68B25308F9600EBB9DF /* AlbumCVC.swift */,
				BCBCF69425309B0800EBB9DF /* AlbumItemCell.swift */,
				BCBCF69525309B0800EBB9DF /* AlbumItemCell.xib */,
				BCBCF69E2530AD3700EBB9DF /* PhotoPreviewVC.swift */,
			);
			path = Album;
			sourceTree = "<group>";
		};
		BCBCF68D25308FB700EBB9DF /* Album */ = {
			isa = PBXGroup;
			children = (
				BCBCF6902530977000EBB9DF /* AlbumViewModel.swift */,
			);
			path = Album;
			sourceTree = "<group>";
		};
		D8EDF0A9522DF4C51C7409C8 /* Pods */ = {
			isa = PBXGroup;
			children = (
				A836ECDAD025ED5DDFB55E8E /* Pods-HumanSoftTask.debug.xcconfig */,
				D2B0DC37B555D34B1AC56DB5 /* Pods-HumanSoftTask.release.xcconfig */,
			);
			path = Pods;
			sourceTree = "<group>";
		};
		F20FF77ECB8E67BF29A4E25C /* Frameworks */ = {
			isa = PBXGroup;
			children = (
				FAFA9151A9E68E165EAB65C9 /* Pods_HumanSoftTask.framework */,
			);
			name = Frameworks;
			sourceTree = "<group>";
		};
/* End PBXGroup section */

/* Begin PBXNativeTarget section */
		BCBCF6272530349800EBB9DF /* HumanSoftTask */ = {
			isa = PBXNativeTarget;
			buildConfigurationList = BCBCF63C2530349900EBB9DF /* Build configuration list for PBXNativeTarget "HumanSoftTask" */;
			buildPhases = (
				58B830403EC4E664EA40F8E6 /* [CP] Check Pods Manifest.lock */,
				BCBCF6242530349800EBB9DF /* Sources */,
				BCBCF6252530349800EBB9DF /* Frameworks */,
				BCBCF6262530349800EBB9DF /* Resources */,
				6749864D90CECD4606B45AA3 /* [CP] Embed Pods Frameworks */,
			);
			buildRules = (
			);
			dependencies = (
			);
			name = HumanSoftTask;
			productName = HumanSoftTask;
			productReference = BCBCF6282530349800EBB9DF /* HumanSoftTask.app */;
			productType = "com.apple.product-type.application";
		};
/* End PBXNativeTarget section */

/* Begin PBXProject section */
		BCBCF6202530349800EBB9DF /* Project object */ = {
			isa = PBXProject;
			attributes = {
				LastSwiftUpdateCheck = 1120;
				LastUpgradeCheck = 1120;
				ORGANIZATIONNAME = "Abdelrahman Eldesoky";
				TargetAttributes = {
					BCBCF6272530349800EBB9DF = {
						CreatedOnToolsVersion = 11.2.1;
					};
				};
			};
			buildConfigurationList = BCBCF6232530349800EBB9DF /* Build configuration list for PBXProject "HumanSoftTask" */;
			compatibilityVersion = "Xcode 9.3";
			developmentRegion = en;
			hasScannedForEncodings = 0;
			knownRegions = (
				en,
				Base,
			);
			mainGroup = BCBCF61F2530349800EBB9DF;
			productRefGroup = BCBCF6292530349800EBB9DF /* Products */;
			projectDirPath = "";
			projectRoot = "";
			targets = (
				BCBCF6272530349800EBB9DF /* HumanSoftTask */,
			);
		};
/* End PBXProject section */

/* Begin PBXResourcesBuildPhase section */
		BCBCF6262530349800EBB9DF /* Resources */ = {
			isa = PBXResourcesBuildPhase;
			buildActionMask = 2147483647;
			files = (
				BCBCF6382530349900EBB9DF /* LaunchScreen.storyboard in Resources */,
				BCBCF6352530349900EBB9DF /* Assets.xcassets in Resources */,
				BCBCF69725309B0800EBB9DF /* AlbumItemCell.xib in Resources */,
				BCBCF6332530349800EBB9DF /* Main.storyboard in Resources */,
			);
			runOnlyForDeploymentPostprocessing = 0;
		};
/* End PBXResourcesBuildPhase section */

/* Begin PBXShellScriptBuildPhase section */
		58B830403EC4E664EA40F8E6 /* [CP] Check Pods Manifest.lock */ = {
			isa = PBXShellScriptBuildPhase;
			buildActionMask = 2147483647;
			files = (
			);
			inputFileListPaths = (
			);
			inputPaths = (
				"${PODS_PODFILE_DIR_PATH}/Podfile.lock",
				"${PODS_ROOT}/Manifest.lock",
			);
			name = "[CP] Check Pods Manifest.lock";
			outputFileListPaths = (
			);
			outputPaths = (
				"$(DERIVED_FILE_DIR)/Pods-HumanSoftTask-checkManifestLockResult.txt",
			);
			runOnlyForDeploymentPostprocessing = 0;
			shellPath = /bin/sh;
			shellScript = "diff \"${PODS_PODFILE_DIR_PATH}/Podfile.lock\" \"${PODS_ROOT}/Manifest.lock\" > /dev/null\nif [ $? != 0 ] ; then\n    # print error to STDERR\n    echo \"error: The sandbox is not in sync with the Podfile.lock. Run 'pod install' or update your CocoaPods installation.\" >&2\n    exit 1\nfi\n# This output is used by Xcode 'outputs' to avoid re-running this script phase.\necho \"SUCCESS\" > \"${SCRIPT_OUTPUT_FILE_0}\"\n";
			showEnvVarsInLog = 0;
		};
		6749864D90CECD4606B45AA3 /* [CP] Embed Pods Frameworks */ = {
			isa = PBXShellScriptBuildPhase;
			buildActionMask = 2147483647;
			files = (
			);
			inputFileListPaths = (
				"${PODS_ROOT}/Target Support Files/Pods-HumanSoftTask/Pods-HumanSoftTask-frameworks-${CONFIGURATION}-input-files.xcfilelist",
			);
			name = "[CP] Embed Pods Frameworks";
			outputFileListPaths = (
				"${PODS_ROOT}/Target Support Files/Pods-HumanSoftTask/Pods-HumanSoftTask-frameworks-${CONFIGURATION}-output-files.xcfilelist",
			);
			runOnlyForDeploymentPostprocessing = 0;
			shellPath = /bin/sh;
			shellScript = "\"${PODS_ROOT}/Target Support Files/Pods-HumanSoftTask/Pods-HumanSoftTask-frameworks.sh\"\n";
			showEnvVarsInLog = 0;
		};
/* End PBXShellScriptBuildPhase section */

/* Begin PBXSourcesBuildPhase section */
		BCBCF6242530349800EBB9DF /* Sources */ = {
			isa = PBXSourcesBuildPhase;
			buildActionMask = 2147483647;
			files = (
				BCBCF6A12530ADAA00EBB9DF /* PhotoPreviewCoordinator.swift in Sources */,
				BCBCF67F2530751D00EBB9DF /* Coordinator.swift in Sources */,
				BCBCF676253067E900EBB9DF /* UIActivityIndicatorView+Rx.swift in Sources */,
				BCBCF65625304EBB00EBB9DF /* ApiClient.swift in Sources */,
				BCBCF6912530977000EBB9DF /* AlbumViewModel.swift in Sources */,
				BCBCF69F2530AD3700EBB9DF /* PhotoPreviewVC.swift in Sources */,
				BCBCF6302530349800EBB9DF /* ViewController.swift in Sources */,
				BCBCF6812530755100EBB9DF /* ProfileCoordinator.swift in Sources */,
				BCBCF62C2530349800EBB9DF /* AppDelegate.swift in Sources */,
				BCBCF6702530638600EBB9DF /* SplashViewModel.swift in Sources */,
				BCBCF6932530980500EBB9DF /* AlbumItem.swift in Sources */,
				BCBCF65225304D8900EBB9DF /* ApiRouter.swift in Sources */,
				BCBCF678253068AB00EBB9DF /* UIActivityIndicatorView+Ex.swift in Sources */,
				BCBCF62E2530349800EBB9DF /* SceneDelegate.swift in Sources */,
				BCBCF6692530614500EBB9DF /* SplashVC.swift in Sources */,
				BCBCF67C253072A500EBB9DF /* ProfileTVC.swift in Sources */,
				BCBCF69625309B0800EBB9DF /* AlbumItemCell.swift in Sources */,
				BCBCF68C25308F9600EBB9DF /* AlbumCVC.swift in Sources */,
				BCBCF68725307D4900EBB9DF /* ProfileViewModel.swift in Sources */,
				BCBCF65025304D5C00EBB9DF /* Constants.swift in Sources */,
				BCBCF65F253056F500EBB9DF /* User.swift in Sources */,
				BCBCF663253057B600EBB9DF /* UserUtil.swift in Sources */,
				BCBCF6612530570100EBB9DF /* Album.swift in Sources */,
				BCBCF68F2530916100EBB9DF /* AlbumCoordinator.swift in Sources */,
				BCBCF6652530588200EBB9DF /* UserAddress.swift in Sources */,
			);
			runOnlyForDeploymentPostprocessing = 0;
		};
/* End PBXSourcesBuildPhase section */

/* Begin PBXVariantGroup section */
		BCBCF6312530349800EBB9DF /* Main.storyboard */ = {
			isa = PBXVariantGroup;
			children = (
				BCBCF6322530349800EBB9DF /* Base */,
			);
			name = Main.storyboard;
			sourceTree = "<group>";
		};
		BCBCF6362530349900EBB9DF /* LaunchScreen.storyboard */ = {
			isa = PBXVariantGroup;
			children = (
				BCBCF6372530349900EBB9DF /* Base */,
			);
			name = LaunchScreen.storyboard;
			sourceTree = "<group>";
		};
/* End PBXVariantGroup section */

/* Begin XCBuildConfiguration section */
		BCBCF63A2530349900EBB9DF /* Debug */ = {
			isa = XCBuildConfiguration;
			buildSettings = {
				ALWAYS_SEARCH_USER_PATHS = NO;
				CLANG_ANALYZER_NONNULL = YES;
				CLANG_ANALYZER_NUMBER_OBJECT_CONVERSION = YES_AGGRESSIVE;
				CLANG_CXX_LANGUAGE_STANDARD = "gnu++14";
				CLANG_CXX_LIBRARY = "libc++";
				CLANG_ENABLE_MODULES = YES;
				CLANG_ENABLE_OBJC_ARC = YES;
				CLANG_ENABLE_OBJC_WEAK = YES;
				CLANG_WARN_BLOCK_CAPTURE_AUTORELEASING = YES;
				CLANG_WARN_BOOL_CONVERSION = YES;
				CLANG_WARN_COMMA = YES;
				CLANG_WARN_CONSTANT_CONVERSION = YES;
				CLANG_WARN_DEPRECATED_OBJC_IMPLEMENTATIONS = YES;
				CLANG_WARN_DIRECT_OBJC_ISA_USAGE = YES_ERROR;
				CLANG_WARN_DOCUMENTATION_COMMENTS = YES;
				CLANG_WARN_EMPTY_BODY = YES;
				CLANG_WARN_ENUM_CONVERSION = YES;
				CLANG_WARN_INFINITE_RECURSION = YES;
				CLANG_WARN_INT_CONVERSION = YES;
				CLANG_WARN_NON_LITERAL_NULL_CONVERSION = YES;
				CLANG_WARN_OBJC_IMPLICIT_RETAIN_SELF = YES;
				CLANG_WARN_OBJC_LITERAL_CONVERSION = YES;
				CLANG_WARN_OBJC_ROOT_CLASS = YES_ERROR;
				CLANG_WARN_RANGE_LOOP_ANALYSIS = YES;
				CLANG_WARN_STRICT_PROTOTYPES = YES;
				CLANG_WARN_SUSPICIOUS_MOVE = YES;
				CLANG_WARN_UNGUARDED_AVAILABILITY = YES_AGGRESSIVE;
				CLANG_WARN_UNREACHABLE_CODE = YES;
				CLANG_WARN__DUPLICATE_METHOD_MATCH = YES;
				COPY_PHASE_STRIP = NO;
				DEBUG_INFORMATION_FORMAT = dwarf;
				ENABLE_STRICT_OBJC_MSGSEND = YES;
				ENABLE_TESTABILITY = YES;
				GCC_C_LANGUAGE_STANDARD = gnu11;
				GCC_DYNAMIC_NO_PIC = NO;
				GCC_NO_COMMON_BLOCKS = YES;
				GCC_OPTIMIZATION_LEVEL = 0;
				GCC_PREPROCESSOR_DEFINITIONS = (
					"DEBUG=1",
					"$(inherited)",
				);
				GCC_WARN_64_TO_32_BIT_CONVERSION = YES;
				GCC_WARN_ABOUT_RETURN_TYPE = YES_ERROR;
				GCC_WARN_UNDECLARED_SELECTOR = YES;
				GCC_WARN_UNINITIALIZED_AUTOS = YES_AGGRESSIVE;
				GCC_WARN_UNUSED_FUNCTION = YES;
				GCC_WARN_UNUSED_VARIABLE = YES;
				IPHONEOS_DEPLOYMENT_TARGET = 13.2;
				MTL_ENABLE_DEBUG_INFO = INCLUDE_SOURCE;
				MTL_FAST_MATH = YES;
				ONLY_ACTIVE_ARCH = YES;
				SDKROOT = iphoneos;
				SWIFT_ACTIVE_COMPILATION_CONDITIONS = DEBUG;
				SWIFT_OPTIMIZATION_LEVEL = "-Onone";
			};
			name = Debug;
		};
		BCBCF63B2530349900EBB9DF /* Release */ = {
			isa = XCBuildConfiguration;
			buildSettings = {
				ALWAYS_SEARCH_USER_PATHS = NO;
				CLANG_ANALYZER_NONNULL = YES;
				CLANG_ANALYZER_NUMBER_OBJECT_CONVERSION = YES_AGGRESSIVE;
				CLANG_CXX_LANGUAGE_STANDARD = "gnu++14";
				CLANG_CXX_LIBRARY = "libc++";
				CLANG_ENABLE_MODULES = YES;
				CLANG_ENABLE_OBJC_ARC = YES;
				CLANG_ENABLE_OBJC_WEAK = YES;
				CLANG_WARN_BLOCK_CAPTURE_AUTORELEASING = YES;
				CLANG_WARN_BOOL_CONVERSION = YES;
				CLANG_WARN_COMMA = YES;
				CLANG_WARN_CONSTANT_CONVERSION = YES;
				CLANG_WARN_DEPRECATED_OBJC_IMPLEMENTATIONS = YES;
				CLANG_WARN_DIRECT_OBJC_ISA_USAGE = YES_ERROR;
				CLANG_WARN_DOCUMENTATION_COMMENTS = YES;
				CLANG_WARN_EMPTY_BODY = YES;
				CLANG_WARN_ENUM_CONVERSION = YES;
				CLANG_WARN_INFINITE_RECURSION = YES;
				CLANG_WARN_INT_CONVERSION = YES;
				CLANG_WARN_NON_LITERAL_NULL_CONVERSION = YES;
				CLANG_WARN_OBJC_IMPLICIT_RETAIN_SELF = YES;
				CLANG_WARN_OBJC_LITERAL_CONVERSION = YES;
				CLANG_WARN_OBJC_ROOT_CLASS = YES_ERROR;
				CLANG_WARN_RANGE_LOOP_ANALYSIS = YES;
				CLANG_WARN_STRICT_PROTOTYPES = YES;
				CLANG_WARN_SUSPICIOUS_MOVE = YES;
				CLANG_WARN_UNGUARDED_AVAILABILITY = YES_AGGRESSIVE;
				CLANG_WARN_UNREACHABLE_CODE = YES;
				CLANG_WARN__DUPLICATE_METHOD_MATCH = YES;
				COPY_PHASE_STRIP = NO;
				DEBUG_INFORMATION_FORMAT = "dwarf-with-dsym";
				ENABLE_NS_ASSERTIONS = NO;
				ENABLE_STRICT_OBJC_MSGSEND = YES;
				GCC_C_LANGUAGE_STANDARD = gnu11;
				GCC_NO_COMMON_BLOCKS = YES;
				GCC_WARN_64_TO_32_BIT_CONVERSION = YES;
				GCC_WARN_ABOUT_RETURN_TYPE = YES_ERROR;
				GCC_WARN_UNDECLARED_SELECTOR = YES;
				GCC_WARN_UNINITIALIZED_AUTOS = YES_AGGRESSIVE;
				GCC_WARN_UNUSED_FUNCTION = YES;
				GCC_WARN_UNUSED_VARIABLE = YES;
				IPHONEOS_DEPLOYMENT_TARGET = 13.2;
				MTL_ENABLE_DEBUG_INFO = NO;
				MTL_FAST_MATH = YES;
				SDKROOT = iphoneos;
				SWIFT_COMPILATION_MODE = wholemodule;
				SWIFT_OPTIMIZATION_LEVEL = "-O";
				VALIDATE_PRODUCT = YES;
			};
			name = Release;
		};
		BCBCF63D2530349900EBB9DF /* Debug */ = {
			isa = XCBuildConfiguration;
			baseConfigurationReference = A836ECDAD025ED5DDFB55E8E /* Pods-HumanSoftTask.debug.xcconfig */;
			buildSettings = {
				ASSETCATALOG_COMPILER_APPICON_NAME = AppIcon;
				CODE_SIGN_STYLE = Automatic;
				DEVELOPMENT_TEAM = ZTEUR64Y28;
				INFOPLIST_FILE = HumanSoftTask/Info.plist;
				LD_RUNPATH_SEARCH_PATHS = (
					"$(inherited)",
					"@executable_path/Frameworks",
				);
				PRODUCT_BUNDLE_IDENTIFIER = humansoftsolution.com.HumanSoftTask;
				PRODUCT_NAME = "$(TARGET_NAME)";
				SWIFT_VERSION = 5.0;
				TARGETED_DEVICE_FAMILY = "1,2";
			};
			name = Debug;
		};
		BCBCF63E2530349900EBB9DF /* Release */ = {
			isa = XCBuildConfiguration;
			baseConfigurationReference = D2B0DC37B555D34B1AC56DB5 /* Pods-HumanSoftTask.release.xcconfig */;
			buildSettings = {
				ASSETCATALOG_COMPILER_APPICON_NAME = AppIcon;
				CODE_SIGN_STYLE = Automatic;
				DEVELOPMENT_TEAM = ZTEUR64Y28;
				INFOPLIST_FILE = HumanSoftTask/Info.plist;
				LD_RUNPATH_SEARCH_PATHS = (
					"$(inherited)",
					"@executable_path/Frameworks",
				);
				PRODUCT_BUNDLE_IDENTIFIER = humansoftsolution.com.HumanSoftTask;
				PRODUCT_NAME = "$(TARGET_NAME)";
				SWIFT_VERSION = 5.0;
				TARGETED_DEVICE_FAMILY = "1,2";
			};
			name = Release;
		};
/* End XCBuildConfiguration section */

/* Begin XCConfigurationList section */
		BCBCF6232530349800EBB9DF /* Build configuration list for PBXProject "HumanSoftTask" */ = {
			isa = XCConfigurationList;
			buildConfigurations = (
				BCBCF63A2530349900EBB9DF /* Debug */,
				BCBCF63B2530349900EBB9DF /* Release */,
			);
			defaultConfigurationIsVisible = 0;
			defaultConfigurationName = Release;
		};
		BCBCF63C2530349900EBB9DF /* Build configuration list for PBXNativeTarget "HumanSoftTask" */ = {
			isa = XCConfigurationList;
			buildConfigurations = (
				BCBCF63D2530349900EBB9DF /* Debug */,
				BCBCF63E2530349900EBB9DF /* Release */,
			);
			defaultConfigurationIsVisible = 0;
			defaultConfigurationName = Release;
		};
/* End XCConfigurationList section */
	};
	rootObject = BCBCF6202530349800EBB9DF /* Project object */;
}
