// !$*UTF8*$!
{
	archiveVersion = 1;
	classes = {
	};
	objectVersion = 50;
	objects = {

/* Begin PBXBuildFile section */
		9D511709435FF51FE8F88C98 /* Pods_HumanSoftTask.framework in Frameworks */ = {isa = PBXBuildFile; fileRef = FAFA9151A9E68E165EAB65C9 /* Pods_HumanSoftTask.framework */; };
		BCBCF62C2530349800EBB9DF /* AppDelegate.swift in Sources */ = {isa = PBXBuildFile; fileRef = BCBCF62B2530349800EBB9DF /* AppDelegate.swift */; };
		BCBCF62E2530349800EBB9DF /* SceneDelegate.swift in Sources */ = {isa = PBXBuildFile; fileRef = BCBCF62D2530349800EBB9DF /* SceneDelegate.swift */; };
		BCBCF6302530349800EBB9DF /* ViewController.swift in Sources */ = {isa = PBXBuildFile; fileRef = BCBCF62F2530349800EBB9DF /* ViewController.swift */; };
		BCBCF6332530349800EBB9DF /* Main.storyboard in Resources */ = {isa = PBXBuildFile; fileRef = BCBCF6312530349800EBB9DF /* Main.storyboard */; };
		BCBCF6352530349900EBB9DF /* Assets.xcassets in Resources */ = {isa = PBXBuildFile; fileRef = BCBCF6342530349900EBB9DF /* Assets.xcassets */; };
		BCBCF6382530349900EBB9DF /* LaunchScreen.storyboard in Resources */ = {isa = PBXBuildFile; fileRef = BCBCF6362530349900EBB9DF /* LaunchScreen.storyboard */; };
/* End PBXBuildFile section */

/* Begin PBXFileReference section */
		A836ECDAD025ED5DDFB55E8E /* Pods-HumanSoftTask.debug.xcconfig */ = {isa = PBXFileReference; includeInIndex = 1; lastKnownFileType = text.xcconfig; name = "Pods-HumanSoftTask.debug.xcconfig"; path = "Target Support Files/Pods-HumanSoftTask/Pods-HumanSoftTask.debug.xcconfig"; sourceTree = "<group>"; };
		BCBCF6282530349800EBB9DF /* HumanSoftTask.app */ = {isa = PBXFileReference; explicitFileType = wrapper.application; includeInIndex = 0; path = HumanSoftTask.app; sourceTree = BUILT_PRODUCTS_DIR; };
		BCBCF62B2530349800EBB9DF /* AppDelegate.swift */ = {isa = PBXFileReference; lastKnownFileType = sourcecode.swift; path = AppDelegate.swift; sourceTree = "<group>"; };
		BCBCF62D2530349800EBB9DF /* SceneDelegate.swift */ = {isa = PBXFileReference; lastKnownFileType = sourcecode.swift; path = SceneDelegate.swift; sourceTree = "<group>"; };
		BCBCF62F2530349800EBB9DF /* ViewController.swift */ = {isa = PBXFileReference; lastKnownFileType = sourcecode.swift; path = ViewController.swift; sourceTree = "<group>"; };
		BCBCF6322530349800EBB9DF /* Base */ = {isa = PBXFileReference; lastKnownFileType = file.storyboard; name = Base; path = Base.lproj/Main.storyboard; sourceTree = "<group>"; };
		BCBCF6342530349900EBB9DF /* Assets.xcassets */ = {isa = PBXFileReference; lastKnownFileType = folder.assetcatalog; path = Assets.xcassets; sourceTree = "<group>"; };
		BCBCF6372530349900EBB9DF /* Base */ = {isa = PBXFileReference; lastKnownFileType = file.storyboard; name = Base; path = Base.lproj/LaunchScreen.storyboard; sourceTree = "<group>"; };
		BCBCF6392530349900EBB9DF /* Info.plist */ = {isa = PBXFileReference; lastKnownFileType = text.plist.xml; path = Info.plist; sourceTree = "<group>"; };
		D2B0DC37B555D34B1AC56DB5 /* Pods-HumanSoftTask.release.xcconfig */ = {isa = PBXFileReference; includeInIndex = 1; lastKnownFileType = text.xcconfig; name = "Pods-HumanSoftTask.release.xcconfig"; path = "Target Support Files/Pods-HumanSoftTask/Pods-HumanSoftTask.release.xcconfig"; sourceTree = "<group>"; };
		FAFA9151A9E68E165EAB65C9 /* Pods_HumanSoftTask.framework */ = {isa = PBXFileReference; explicitFileType = wrapper.framework; includeInIndex = 0; path = Pods_HumanSoftTask.framework; sourceTree = BUILT_PRODUCTS_DIR; };
/* End PBXFileReference section */

/* Begin PBXFrameworksBuildPhase section */
		BCBCF6252530349800EBB9DF /* Frameworks */ = {
			isa = PBXFrameworksBuildPhase;
			buildActionMask = 2147483647;
			files = (
				9D511709435FF51FE8F88C98 /* Pods_HumanSoftTask.framework in Frameworks */,
			);
			runOnlyForDeploymentPostprocessing = 0;
		};
/* End PBXFrameworksBuildPhase section */

/* Begin PBXGroup section */
		BCBCF61F2530349800EBB9DF = {
			isa = PBXGroup;
			children = (
				BCBCF62A2530349800EBB9DF /* HumanSoftTask */,
				BCBCF6292530349800EBB9DF /* Products */,
				D8EDF0A9522DF4C51C7409C8 /* Pods */,
				F20FF77ECB8E67BF29A4E25C /* Frameworks */,
			);
			sourceTree = "<group>";
		};
		BCBCF6292530349800EBB9DF /* Products */ = {
			isa = PBXGroup;
			children = (
				BCBCF6282530349800EBB9DF /* HumanSoftTask.app */,
			);
			name = Products;
			sourceTree = "<group>";
		};
		BCBCF62A2530349800EBB9DF /* HumanSoftTask */ = {
			isa = PBXGroup;
			children = (
				BCBCF62B2530349800EBB9DF /* AppDelegate.swift */,
				BCBCF62D2530349800EBB9DF /* SceneDelegate.swift */,
				BCBCF62F2530349800EBB9DF /* ViewController.swift */,
				BCBCF6312530349800EBB9DF /* Main.storyboard */,
				BCBCF6342530349900EBB9DF /* Assets.xcassets */,
				BCBCF6362530349900EBB9DF /* LaunchScreen.storyboard */,
				BCBCF6392530349900EBB9DF /* Info.plist */,
			);
			path = HumanSoftTask;
			sourceTree = "<group>";
		};
		D8EDF0A9522DF4C51C7409C8 /* Pods */ = {
			isa = PBXGroup;
			children = (
				A836ECDAD025ED5DDFB55E8E /* Pods-HumanSoftTask.debug.xcconfig */,
				D2B0DC37B555D34B1AC56DB5 /* Pods-HumanSoftTask.release.xcconfig */,
			);
			name = Pods;
			path = Pods;
			sourceTree = "<group>";
		};
		F20FF77ECB8E67BF29A4E25C /* Frameworks */ = {
			isa = PBXGroup;
			children = (
				FAFA9151A9E68E165EAB65C9 /* Pods_HumanSoftTask.framework */,
			);
			name = Frameworks;
			sourceTree = "<group>";
		};
/* End PBXGroup section */

/* Begin PBXNativeTarget section */
		BCBCF6272530349800EBB9DF /* HumanSoftTask */ = {
			isa = PBXNativeTarget;
			buildConfigurationList = BCBCF63C2530349900EBB9DF /* Build configuration list for PBXNativeTarget "HumanSoftTask" */;
			buildPhases = (
				58B830403EC4E664EA40F8E6 /* [CP] Check Pods Manifest.lock */,
				BCBCF6242530349800EBB9DF /* Sources */,
				BCBCF6252530349800EBB9DF /* Frameworks */,
				BCBCF6262530349800EBB9DF /* Resources */,
				6749864D90CECD4606B45AA3 /* [CP] Embed Pods Frameworks */,
			);
			buildRules = (
			);
			dependencies = (
			);
			name = HumanSoftTask;
			productName = HumanSoftTask;
			productReference = BCBCF6282530349800EBB9DF /* HumanSoftTask.app */;
			productType = "com.apple.product-type.application";
		};
/* End PBXNativeTarget section */

/* Begin PBXProject section */
		BCBCF6202530349800EBB9DF /* Project object */ = {
			isa = PBXProject;
			attributes = {
				LastSwiftUpdateCheck = 1120;
				LastUpgradeCheck = 1120;
				ORGANIZATIONNAME = "Abdelrahman Eldesoky";
				TargetAttributes = {
					BCBCF6272530349800EBB9DF = {
						CreatedOnToolsVersion = 11.2.1;
					};
				};
			};
			buildConfigurationList = BCBCF6232530349800EBB9DF /* Build configuration list for PBXProject "HumanSoftTask" */;
			compatibilityVersion = "Xcode 9.3";
			developmentRegion = en;
			hasScannedForEncodings = 0;
			knownRegions = (
				en,
				Base,
			);
			mainGroup = BCBCF61F2530349800EBB9DF;
			productRefGroup = BCBCF6292530349800EBB9DF /* Products */;
			projectDirPath = "";
			projectRoot = "";
			targets = (
				BCBCF6272530349800EBB9DF /* HumanSoftTask */,
			);
		};
/* End PBXProject section */

/* Begin PBXResourcesBuildPhase section */
		BCBCF6262530349800EBB9DF /* Resources */ = {
			isa = PBXResourcesBuildPhase;
			buildActionMask = 2147483647;
			files = (
				BCBCF6382530349900EBB9DF /* LaunchScreen.storyboard in Resources */,
				BCBCF6352530349900EBB9DF /* Assets.xcassets in Resources */,
				BCBCF6332530349800EBB9DF /* Main.storyboard in Resources */,
			);
			runOnlyForDeploymentPostprocessing = 0;
		};
/* End PBXResourcesBuildPhase section */

/* Begin PBXShellScriptBuildPhase section */
		58B830403EC4E664EA40F8E6 /* [CP] Check Pods Manifest.lock */ = {
			isa = PBXShellScriptBuildPhase;
			buildActionMask = 2147483647;
			files = (
			);
			inputFileListPaths = (
			);
			inputPaths = (
				"${PODS_PODFILE_DIR_PATH}/Podfile.lock",
				"${PODS_ROOT}/Manifest.lock",
			);
			name = "[CP] Check Pods Manifest.lock";
			outputFileListPaths = (
			);
			outputPaths = (
				"$(DERIVED_FILE_DIR)/Pods-HumanSoftTask-checkManifestLockResult.txt",
			);
			runOnlyForDeploymentPostprocessing = 0;
			shellPath = /bin/sh;
			shellScript = "diff \"${PODS_PODFILE_DIR_PATH}/Podfile.lock\" \"${PODS_ROOT}/Manifest.lock\" > /dev/null\nif [ $? != 0 ] ; then\n    # print error to STDERR\n    echo \"error: The sandbox is not in sync with the Podfile.lock. Run 'pod install' or update your CocoaPods installation.\" >&2\n    exit 1\nfi\n# This output is used by Xcode 'outputs' to avoid re-running this script phase.\necho \"SUCCESS\" > \"${SCRIPT_OUTPUT_FILE_0}\"\n";
			showEnvVarsInLog = 0;
		};
		6749864D90CECD4606B45AA3 /* [CP] Embed Pods Frameworks */ = {
			isa = PBXShellScriptBuildPhase;
			buildActionMask = 2147483647;
			files = (
			);
			inputFileListPaths = (
				"${PODS_ROOT}/Target Support Files/Pods-HumanSoftTask/Pods-HumanSoftTask-frameworks-${CONFIGURATION}-input-files.xcfilelist",
			);
			name = "[CP] Embed Pods Frameworks";
			outputFileListPaths = (
				"${PODS_ROOT}/Target Support Files/Pods-HumanSoftTask/Pods-HumanSoftTask-frameworks-${CONFIGURATION}-output-files.xcfilelist",
			);
			runOnlyForDeploymentPostprocessing = 0;
			shellPath = /bin/sh;
			shellScript = "\"${PODS_ROOT}/Target Support Files/Pods-HumanSoftTask/Pods-HumanSoftTask-frameworks.sh\"\n";
			showEnvVarsInLog = 0;
		};
/* End PBXShellScriptBuildPhase section */

/* Begin PBXSourcesBuildPhase section */
		BCBCF6242530349800EBB9DF /* Sources */ = {
			isa = PBXSourcesBuildPhase;
			buildActionMask = 2147483647;
			files = (
				BCBCF6302530349800EBB9DF /* ViewController.swift in Sources */,
				BCBCF62C2530349800EBB9DF /* AppDelegate.swift in Sources */,
				BCBCF62E2530349800EBB9DF /* SceneDelegate.swift in Sources */,
			);
			runOnlyForDeploymentPostprocessing = 0;
		};
/* End PBXSourcesBuildPhase section */

/* Begin PBXVariantGroup section */
		BCBCF6312530349800EBB9DF /* Main.storyboard */ = {
			isa = PBXVariantGroup;
			children = (
				BCBCF6322530349800EBB9DF /* Base */,
			);
			name = Main.storyboard;
			sourceTree = "<group>";
		};
		BCBCF6362530349900EBB9DF /* LaunchScreen.storyboard */ = {
			isa = PBXVariantGroup;
			children = (
				BCBCF6372530349900EBB9DF /* Base */,
			);
			name = LaunchScreen.storyboard;
			sourceTree = "<group>";
		};
/* End PBXVariantGroup section */

/* Begin XCBuildConfiguration section */
		BCBCF63A2530349900EBB9DF /* Debug */ = {
			isa = XCBuildConfiguration;
			buildSettings = {
				ALWAYS_SEARCH_USER_PATHS = NO;
				CLANG_ANALYZER_NONNULL = YES;
				CLANG_ANALYZER_NUMBER_OBJECT_CONVERSION = YES_AGGRESSIVE;
				CLANG_CXX_LANGUAGE_STANDARD = "gnu++14";
				CLANG_CXX_LIBRARY = "libc++";
				CLANG_ENABLE_MODULES = YES;
				CLANG_ENABLE_OBJC_ARC = YES;
				CLANG_ENABLE_OBJC_WEAK = YES;
				CLANG_WARN_BLOCK_CAPTURE_AUTORELEASING = YES;
				CLANG_WARN_BOOL_CONVERSION = YES;
				CLANG_WARN_COMMA = YES;
				CLANG_WARN_CONSTANT_CONVERSION = YES;
				CLANG_WARN_DEPRECATED_OBJC_IMPLEMENTATIONS = YES;
				CLANG_WARN_DIRECT_OBJC_ISA_USAGE = YES_ERROR;
				CLANG_WARN_DOCUMENTATION_COMMENTS = YES;
				CLANG_WARN_EMPTY_BODY = YES;
				CLANG_WARN_ENUM_CONVERSION = YES;
				CLANG_WARN_INFINITE_RECURSION = YES;
				CLANG_WARN_INT_CONVERSION = YES;
				CLANG_WARN_NON_LITERAL_NULL_CONVERSION = YES;
				CLANG_WARN_OBJC_IMPLICIT_RETAIN_SELF = YES;
				CLANG_WARN_OBJC_LITERAL_CONVERSION = YES;
				CLANG_WARN_OBJC_ROOT_CLASS = YES_ERROR;
				CLANG_WARN_RANGE_LOOP_ANALYSIS = YES;
				CLANG_WARN_STRICT_PROTOTYPES = YES;
				CLANG_WARN_SUSPICIOUS_MOVE = YES;
				CLANG_WARN_UNGUARDED_AVAILABILITY = YES_AGGRESSIVE;
				CLANG_WARN_UNREACHABLE_CODE = YES;
				CLANG_WARN__DUPLICATE_METHOD_MATCH = YES;
				COPY_PHASE_STRIP = NO;
				DEBUG_INFORMATION_FORMAT = dwarf;
				ENABLE_STRICT_OBJC_MSGSEND = YES;
				ENABLE_TESTABILITY = YES;
				GCC_C_LANGUAGE_STANDARD = gnu11;
				GCC_DYNAMIC_NO_PIC = NO;
				GCC_NO_COMMON_BLOCKS = YES;
				GCC_OPTIMIZATION_LEVEL = 0;
				GCC_PREPROCESSOR_DEFINITIONS = (
					"DEBUG=1",
					"$(inherited)",
				);
				GCC_WARN_64_TO_32_BIT_CONVERSION = YES;
				GCC_WARN_ABOUT_RETURN_TYPE = YES_ERROR;
				GCC_WARN_UNDECLARED_SELECTOR = YES;
				GCC_WARN_UNINITIALIZED_AUTOS = YES_AGGRESSIVE;
				GCC_WARN_UNUSED_FUNCTION = YES;
				GCC_WARN_UNUSED_VARIABLE = YES;
				IPHONEOS_DEPLOYMENT_TARGET = 13.2;
				MTL_ENABLE_DEBUG_INFO = INCLUDE_SOURCE;
				MTL_FAST_MATH = YES;
				ONLY_ACTIVE_ARCH = YES;
				SDKROOT = iphoneos;
				SWIFT_ACTIVE_COMPILATION_CONDITIONS = DEBUG;
				SWIFT_OPTIMIZATION_LEVEL = "-Onone";
			};
			name = Debug;
		};
		BCBCF63B2530349900EBB9DF /* Release */ = {
			isa = XCBuildConfiguration;
			buildSettings = {
				ALWAYS_SEARCH_USER_PATHS = NO;
				CLANG_ANALYZER_NONNULL = YES;
				CLANG_ANALYZER_NUMBER_OBJECT_CONVERSION = YES_AGGRESSIVE;
				CLANG_CXX_LANGUAGE_STANDARD = "gnu++14";
				CLANG_CXX_LIBRARY = "libc++";
				CLANG_ENABLE_MODULES = YES;
				CLANG_ENABLE_OBJC_ARC = YES;
				CLANG_ENABLE_OBJC_WEAK = YES;
				CLANG_WARN_BLOCK_CAPTURE_AUTORELEASING = YES;
				CLANG_WARN_BOOL_CONVERSION = YES;
				CLANG_WARN_COMMA = YES;
				CLANG_WARN_CONSTANT_CONVERSION = YES;
				CLANG_WARN_DEPRECATED_OBJC_IMPLEMENTATIONS = YES;
				CLANG_WARN_DIRECT_OBJC_ISA_USAGE = YES_ERROR;
				CLANG_WARN_DOCUMENTATION_COMMENTS = YES;
				CLANG_WARN_EMPTY_BODY = YES;
				CLANG_WARN_ENUM_CONVERSION = YES;
				CLANG_WARN_INFINITE_RECURSION = YES;
				CLANG_WARN_INT_CONVERSION = YES;
				CLANG_WARN_NON_LITERAL_NULL_CONVERSION = YES;
				CLANG_WARN_OBJC_IMPLICIT_RETAIN_SELF = YES;
				CLANG_WARN_OBJC_LITERAL_CONVERSION = YES;
				CLANG_WARN_OBJC_ROOT_CLASS = YES_ERROR;
				CLANG_WARN_RANGE_LOOP_ANALYSIS = YES;
				CLANG_WARN_STRICT_PROTOTYPES = YES;
				CLANG_WARN_SUSPICIOUS_MOVE = YES;
				CLANG_WARN_UNGUARDED_AVAILABILITY = YES_AGGRESSIVE;
				CLANG_WARN_UNREACHABLE_CODE = YES;
				CLANG_WARN__DUPLICATE_METHOD_MATCH = YES;
				COPY_PHASE_STRIP = NO;
				DEBUG_INFORMATION_FORMAT = "dwarf-with-dsym";
				ENABLE_NS_ASSERTIONS = NO;
				ENABLE_STRICT_OBJC_MSGSEND = YES;
				GCC_C_LANGUAGE_STANDARD = gnu11;
				GCC_NO_COMMON_BLOCKS = YES;
				GCC_WARN_64_TO_32_BIT_CONVERSION = YES;
				GCC_WARN_ABOUT_RETURN_TYPE = YES_ERROR;
				GCC_WARN_UNDECLARED_SELECTOR = YES;
				GCC_WARN_UNINITIALIZED_AUTOS = YES_AGGRESSIVE;
				GCC_WARN_UNUSED_FUNCTION = YES;
				GCC_WARN_UNUSED_VARIABLE = YES;
				IPHONEOS_DEPLOYMENT_TARGET = 13.2;
				MTL_ENABLE_DEBUG_INFO = NO;
				MTL_FAST_MATH = YES;
				SDKROOT = iphoneos;
				SWIFT_COMPILATION_MODE = wholemodule;
				SWIFT_OPTIMIZATION_LEVEL = "-O";
				VALIDATE_PRODUCT = YES;
			};
			name = Release;
		};
		BCBCF63D2530349900EBB9DF /* Debug */ = {
			isa = XCBuildConfiguration;
			baseConfigurationReference = A836ECDAD025ED5DDFB55E8E /* Pods-HumanSoftTask.debug.xcconfig */;
			buildSettings = {
				ASSETCATALOG_COMPILER_APPICON_NAME = AppIcon;
				CODE_SIGN_STYLE = Automatic;
				DEVELOPMENT_TEAM = ZTEUR64Y28;
				INFOPLIST_FILE = HumanSoftTask/Info.plist;
				LD_RUNPATH_SEARCH_PATHS = (
					"$(inherited)",
					"@executable_path/Frameworks",
				);
				PRODUCT_BUNDLE_IDENTIFIER = humansoftsolution.com.HumanSoftTask;
				PRODUCT_NAME = "$(TARGET_NAME)";
				SWIFT_VERSION = 5.0;
				TARGETED_DEVICE_FAMILY = "1,2";
			};
			name = Debug;
		};
		BCBCF63E2530349900EBB9DF /* Release */ = {
			isa = XCBuildConfiguration;
			baseConfigurationReference = D2B0DC37B555D34B1AC56DB5 /* Pods-HumanSoftTask.release.xcconfig */;
			buildSettings = {
				ASSETCATALOG_COMPILER_APPICON_NAME = AppIcon;
				CODE_SIGN_STYLE = Automatic;
				DEVELOPMENT_TEAM = ZTEUR64Y28;
				INFOPLIST_FILE = HumanSoftTask/Info.plist;
				LD_RUNPATH_SEARCH_PATHS = (
					"$(inherited)",
					"@executable_path/Frameworks",
				);
				PRODUCT_BUNDLE_IDENTIFIER = humansoftsolution.com.HumanSoftTask;
				PRODUCT_NAME = "$(TARGET_NAME)";
				SWIFT_VERSION = 5.0;
				TARGETED_DEVICE_FAMILY = "1,2";
			};
			name = Release;
		};
/* End XCBuildConfiguration section */

/* Begin XCConfigurationList section */
		BCBCF6232530349800EBB9DF /* Build configuration list for PBXProject "HumanSoftTask" */ = {
			isa = XCConfigurationList;
			buildConfigurations = (
				BCBCF63A2530349900EBB9DF /* Debug */,
				BCBCF63B2530349900EBB9DF /* Release */,
			);
			defaultConfigurationIsVisible = 0;
			defaultConfigurationName = Release;
		};
		BCBCF63C2530349900EBB9DF /* Build configuration list for PBXNativeTarget "HumanSoftTask" */ = {
			isa = XCConfigurationList;
			buildConfigurations = (
				BCBCF63D2530349900EBB9DF /* Debug */,
				BCBCF63E2530349900EBB9DF /* Release */,
			);
			defaultConfigurationIsVisible = 0;
			defaultConfigurationName = Release;
		};
/* End XCConfigurationList section */
	};
	rootObject = BCBCF6202530349800EBB9DF /* Project object */;
}
